
Microsoft Visual Studio Solution File, Format Version 12.00
# Visual Studio Version 16
VisualStudioVersion = 16.0.29230.47
MinimumVisualStudioVersion = 10.0.40219.1
Project("{9A19103F-16F7-4668-BE54-9A1E7A4F7556}") = "ConverterAPI", "ConverterAPI\ConverterAPI.csproj", "{CD54B66D-FC58-4B0C-8F7A-0B8004344E6D}"
EndProject
Project("{FAE04EC0-301F-11D3-BF4B-00C04F79EFBC}") = "ConverterUnitTest", "NUnitTestProject1\ConverterUnitTest.csproj", "{67B00202-03E0-410D-BB4D-AA4F4963BD61}"
EndProject
Global
	GlobalSection(SolutionConfigurationPlatforms) = preSolution
		Debug|Any CPU = Debug|Any CPU
		Release|Any CPU = Release|Any CPU
	EndGlobalSection
	GlobalSection(ProjectConfigurationPlatforms) = postSolution
		{CD54B66D-FC58-4B0C-8F7A-0B8004344E6D}.Debug|Any CPU.ActiveCfg = Debug|Any CPU
		{CD54B66D-FC58-4B0C-8F7A-0B8004344E6D}.Debug|Any CPU.Build.0 = Debug|Any CPU
		{CD54B66D-FC58-4B0C-8F7A-0B8004344E6D}.Release|Any CPU.ActiveCfg = Release|Any CPU
		{CD54B66D-FC58-4B0C-8F7A-0B8004344E6D}.Release|Any CPU.Build.0 = Release|Any CPU
		{67B00202-03E0-410D-BB4D-AA4F4963BD61}.Debug|Any CPU.ActiveCfg = Debug|Any CPU
		{67B00202-03E0-410D-BB4D-AA4F4963BD61}.Debug|Any CPU.Build.0 = Debug|Any CPU
		{67B00202-03E0-410D-BB4D-AA4F4963BD61}.Release|Any CPU.ActiveCfg = Release|Any CPU
		{67B00202-03E0-410D-BB4D-AA4F4963BD61}.Release|Any CPU.Build.0 = Release|Any CPU
	EndGlobalSection
	GlobalSection(SolutionProperties) = preSolution
		HideSolutionNode = FALSE
	EndGlobalSection
	GlobalSection(ExtensibilityGlobals) = postSolution
		SolutionGuid = {8884ED3D-B153-45FB-BFE3-D6EA1E51C596}
	EndGlobalSection
EndGlobal
